// !$*UTF8*$!
{
	archiveVersion = 1;
	classes = {
	};
	objectVersion = 46;
	objects = {

/* Begin PBXBuildFile section */
		3F15BB6D1BE8FA0C00E03314 /* AppDelegate.swift in Sources */ = {isa = PBXBuildFile; fileRef = 3F15BB6C1BE8FA0C00E03314 /* AppDelegate.swift */; };
		3F15BB6F1BE8FA0C00E03314 /* HomeViewController.swift in Sources */ = {isa = PBXBuildFile; fileRef = 3F15BB6E1BE8FA0C00E03314 /* HomeViewController.swift */; };
		3F15BB721BE8FA0C00E03314 /* Main.storyboard in Resources */ = {isa = PBXBuildFile; fileRef = 3F15BB701BE8FA0C00E03314 /* Main.storyboard */; };
		3F15BB741BE8FA0C00E03314 /* Assets.xcassets in Resources */ = {isa = PBXBuildFile; fileRef = 3F15BB731BE8FA0C00E03314 /* Assets.xcassets */; };
		3F15BB771BE8FA0C00E03314 /* LaunchScreen.storyboard in Resources */ = {isa = PBXBuildFile; fileRef = 3F15BB751BE8FA0C00E03314 /* LaunchScreen.storyboard */; };
		3F17DBE31BEBB5E100F055B7 /* MapTasks.swift in Sources */ = {isa = PBXBuildFile; fileRef = 3F17DBE21BEBB5E100F055B7 /* MapTasks.swift */; };
		3F22ECEA1BE9240B0051324A /* MapViewController.swift in Sources */ = {isa = PBXBuildFile; fileRef = 3F22ECE91BE9240B0051324A /* MapViewController.swift */; };
		3FEA64AA1BF0056C00D32263 /* TwitterClient.swift in Sources */ = {isa = PBXBuildFile; fileRef = 3FEA64A91BF0056C00D32263 /* TwitterClient.swift */; };
		3FFAC5D41BE90DA1001BD611 /* TabBarController.swift in Sources */ = {isa = PBXBuildFile; fileRef = 3FFAC5D31BE90DA1001BD611 /* TabBarController.swift */; };
		AB3E9F6F5DF534D4A5103814 /* libPods.a in Frameworks */ = {isa = PBXBuildFile; fileRef = 73DEF047452D8BB9609FDCEC /* libPods.a */; };
/* End PBXBuildFile section */

/* Begin PBXFileReference section */
		3F15BB691BE8FA0B00E03314 /* Walksploration.app */ = {isa = PBXFileReference; explicitFileType = wrapper.application; includeInIndex = 0; path = Walksploration.app; sourceTree = BUILT_PRODUCTS_DIR; };
		3F15BB6C1BE8FA0C00E03314 /* AppDelegate.swift */ = {isa = PBXFileReference; lastKnownFileType = sourcecode.swift; path = AppDelegate.swift; sourceTree = "<group>"; };
		3F15BB6E1BE8FA0C00E03314 /* HomeViewController.swift */ = {isa = PBXFileReference; lastKnownFileType = sourcecode.swift; path = HomeViewController.swift; sourceTree = "<group>"; };
		3F15BB711BE8FA0C00E03314 /* Base */ = {isa = PBXFileReference; lastKnownFileType = file.storyboard; name = Base; path = Base.lproj/Main.storyboard; sourceTree = "<group>"; };
		3F15BB731BE8FA0C00E03314 /* Assets.xcassets */ = {isa = PBXFileReference; lastKnownFileType = folder.assetcatalog; path = Assets.xcassets; sourceTree = "<group>"; };
		3F15BB761BE8FA0C00E03314 /* Base */ = {isa = PBXFileReference; lastKnownFileType = file.storyboard; name = Base; path = Base.lproj/LaunchScreen.storyboard; sourceTree = "<group>"; };
		3F15BB781BE8FA0C00E03314 /* Info.plist */ = {isa = PBXFileReference; lastKnownFileType = text.plist.xml; path = Info.plist; sourceTree = "<group>"; };
		3F17DBE21BEBB5E100F055B7 /* MapTasks.swift */ = {isa = PBXFileReference; fileEncoding = 4; lastKnownFileType = sourcecode.swift; path = MapTasks.swift; sourceTree = "<group>"; };
		3F22ECE61BE910370051324A /* Walksploration-Bridging-Header.h */ = {isa = PBXFileReference; lastKnownFileType = sourcecode.c.h; path = "Walksploration-Bridging-Header.h"; sourceTree = "<group>"; };
		3F22ECE91BE9240B0051324A /* MapViewController.swift */ = {isa = PBXFileReference; fileEncoding = 4; lastKnownFileType = sourcecode.swift; path = MapViewController.swift; sourceTree = "<group>"; };
		3FEA64A91BF0056C00D32263 /* TwitterClient.swift */ = {isa = PBXFileReference; fileEncoding = 4; lastKnownFileType = sourcecode.swift; path = TwitterClient.swift; sourceTree = "<group>"; };
		3FFAC5D31BE90DA1001BD611 /* TabBarController.swift */ = {isa = PBXFileReference; fileEncoding = 4; lastKnownFileType = sourcecode.swift; path = TabBarController.swift; sourceTree = "<group>"; };
		73DEF047452D8BB9609FDCEC /* libPods.a */ = {isa = PBXFileReference; explicitFileType = archive.ar; includeInIndex = 0; path = libPods.a; sourceTree = BUILT_PRODUCTS_DIR; };
		8537B359299B6028CE1F09E0 /* Pods.debug.xcconfig */ = {isa = PBXFileReference; includeInIndex = 1; lastKnownFileType = text.xcconfig; name = Pods.debug.xcconfig; path = "Pods/Target Support Files/Pods/Pods.debug.xcconfig"; sourceTree = "<group>"; };
		E44DF11D86EC652228AFDD74 /* Pods.release.xcconfig */ = {isa = PBXFileReference; includeInIndex = 1; lastKnownFileType = text.xcconfig; name = Pods.release.xcconfig; path = "Pods/Target Support Files/Pods/Pods.release.xcconfig"; sourceTree = "<group>"; };
/* End PBXFileReference section */

/* Begin PBXFrameworksBuildPhase section */
		3F15BB661BE8FA0B00E03314 /* Frameworks */ = {
			isa = PBXFrameworksBuildPhase;
			buildActionMask = 2147483647;
			files = (
				AB3E9F6F5DF534D4A5103814 /* libPods.a in Frameworks */,
			);
			runOnlyForDeploymentPostprocessing = 0;
		};
/* End PBXFrameworksBuildPhase section */

/* Begin PBXGroup section */
		3F15BB601BE8FA0B00E03314 = {
			isa = PBXGroup;
			children = (
				3F15BB6B1BE8FA0B00E03314 /* Walksploration */,
				3F15BB6A1BE8FA0B00E03314 /* Products */,
				D50C4D75A2F2AF0F3F84E98A /* Pods */,
				D3EC7E0525ABB8D6DAABA901 /* Frameworks */,
			);
			sourceTree = "<group>";
		};
		3F15BB6A1BE8FA0B00E03314 /* Products */ = {
			isa = PBXGroup;
			children = (
				3F15BB691BE8FA0B00E03314 /* Walksploration.app */,
			);
			name = Products;
			sourceTree = "<group>";
		};
		3F15BB6B1BE8FA0B00E03314 /* Walksploration */ = {
			isa = PBXGroup;
			children = (
				3FEA64A81BF0053B00D32263 /* Utilities */,
				3F15BB7E1BE903EA00E03314 /* Controllers */,
				3F15BB6C1BE8FA0C00E03314 /* AppDelegate.swift */,
				3F15BB701BE8FA0C00E03314 /* Main.storyboard */,
				3F15BB731BE8FA0C00E03314 /* Assets.xcassets */,
				3F15BB751BE8FA0C00E03314 /* LaunchScreen.storyboard */,
				3F15BB781BE8FA0C00E03314 /* Info.plist */,
				3F22ECE61BE910370051324A /* Walksploration-Bridging-Header.h */,
			);
			path = Walksploration;
			sourceTree = "<group>";
		};
		3F15BB7E1BE903EA00E03314 /* Controllers */ = {
			isa = PBXGroup;
			children = (
				3F15BB6E1BE8FA0C00E03314 /* HomeViewController.swift */,
				3FFAC5D31BE90DA1001BD611 /* TabBarController.swift */,
				3F22ECE91BE9240B0051324A /* MapViewController.swift */,
			);
			name = Controllers;
			sourceTree = "<group>";
		};
		3FEA64A81BF0053B00D32263 /* Utilities */ = {
			isa = PBXGroup;
			children = (
				3F17DBE21BEBB5E100F055B7 /* MapTasks.swift */,
				3FEA64A91BF0056C00D32263 /* TwitterClient.swift */,
			);
			name = Utilities;
			sourceTree = "<group>";
		};
		D3EC7E0525ABB8D6DAABA901 /* Frameworks */ = {
			isa = PBXGroup;
			children = (
				73DEF047452D8BB9609FDCEC /* libPods.a */,
			);
			name = Frameworks;
			sourceTree = "<group>";
		};
		D50C4D75A2F2AF0F3F84E98A /* Pods */ = {
			isa = PBXGroup;
			children = (
				8537B359299B6028CE1F09E0 /* Pods.debug.xcconfig */,
				E44DF11D86EC652228AFDD74 /* Pods.release.xcconfig */,
			);
			name = Pods;
			sourceTree = "<group>";
		};
/* End PBXGroup section */

/* Begin PBXNativeTarget section */
		3F15BB681BE8FA0B00E03314 /* Walksploration */ = {
			isa = PBXNativeTarget;
			buildConfigurationList = 3F15BB7B1BE8FA0C00E03314 /* Build configuration list for PBXNativeTarget "Walksploration" */;
			buildPhases = (
				CDFC9D81F5CEEF3C08887605 /* Check Pods Manifest.lock */,
				3F15BB651BE8FA0B00E03314 /* Sources */,
				3F15BB661BE8FA0B00E03314 /* Frameworks */,
				3F15BB671BE8FA0B00E03314 /* Resources */,
				39EE06BCF8B89C95AAA3B229 /* Embed Pods Frameworks */,
				6DDA592A09717E422BFEDEA7 /* Copy Pods Resources */,
			);
			buildRules = (
			);
			dependencies = (
			);
			name = Walksploration;
			productName = Walksploration;
			productReference = 3F15BB691BE8FA0B00E03314 /* Walksploration.app */;
			productType = "com.apple.product-type.application";
		};
/* End PBXNativeTarget section */

/* Begin PBXProject section */
		3F15BB611BE8FA0B00E03314 /* Project object */ = {
			isa = PBXProject;
			attributes = {
				LastSwiftUpdateCheck = 0710;
				LastUpgradeCheck = 0710;
				ORGANIZATIONNAME = "Charles Findlay";
				TargetAttributes = {
					3F15BB681BE8FA0B00E03314 = {
						CreatedOnToolsVersion = 7.1;
					};
				};
			};
			buildConfigurationList = 3F15BB641BE8FA0B00E03314 /* Build configuration list for PBXProject "Walksploration" */;
			compatibilityVersion = "Xcode 3.2";
			developmentRegion = English;
			hasScannedForEncodings = 0;
			knownRegions = (
				en,
				Base,
			);
			mainGroup = 3F15BB601BE8FA0B00E03314;
			productRefGroup = 3F15BB6A1BE8FA0B00E03314 /* Products */;
			projectDirPath = "";
			projectRoot = "";
			targets = (
				3F15BB681BE8FA0B00E03314 /* Walksploration */,
			);
		};
/* End PBXProject section */

/* Begin PBXResourcesBuildPhase section */
		3F15BB671BE8FA0B00E03314 /* Resources */ = {
			isa = PBXResourcesBuildPhase;
			buildActionMask = 2147483647;
			files = (
				3F15BB771BE8FA0C00E03314 /* LaunchScreen.storyboard in Resources */,
				3F15BB741BE8FA0C00E03314 /* Assets.xcassets in Resources */,
				3F15BB721BE8FA0C00E03314 /* Main.storyboard in Resources */,
			);
			runOnlyForDeploymentPostprocessing = 0;
		};
/* End PBXResourcesBuildPhase section */

/* Begin PBXShellScriptBuildPhase section */
		39EE06BCF8B89C95AAA3B229 /* Embed Pods Frameworks */ = {
			isa = PBXShellScriptBuildPhase;
			buildActionMask = 2147483647;
			files = (
			);
			inputPaths = (
			);
			name = "Embed Pods Frameworks";
			outputPaths = (
			);
			runOnlyForDeploymentPostprocessing = 0;
			shellPath = /bin/sh;
			shellScript = "\"${SRCROOT}/Pods/Target Support Files/Pods/Pods-frameworks.sh\"\n";
			showEnvVarsInLog = 0;
		};
		6DDA592A09717E422BFEDEA7 /* Copy Pods Resources */ = {
			isa = PBXShellScriptBuildPhase;
			buildActionMask = 2147483647;
			files = (
			);
			inputPaths = (
			);
			name = "Copy Pods Resources";
			outputPaths = (
			);
			runOnlyForDeploymentPostprocessing = 0;
			shellPath = /bin/sh;
			shellScript = "\"${SRCROOT}/Pods/Target Support Files/Pods/Pods-resources.sh\"\n";
			showEnvVarsInLog = 0;
		};
		CDFC9D81F5CEEF3C08887605 /* Check Pods Manifest.lock */ = {
			isa = PBXShellScriptBuildPhase;
			buildActionMask = 2147483647;
			files = (
			);
			inputPaths = (
			);
			name = "Check Pods Manifest.lock";
			outputPaths = (
			);
			runOnlyForDeploymentPostprocessing = 0;
			shellPath = /bin/sh;
			shellScript = "diff \"${PODS_ROOT}/../Podfile.lock\" \"${PODS_ROOT}/Manifest.lock\" > /dev/null\nif [[ $? != 0 ]] ; then\n    cat << EOM\nerror: The sandbox is not in sync with the Podfile.lock. Run 'pod install' or update your CocoaPods installation.\nEOM\n    exit 1\nfi\n";
			showEnvVarsInLog = 0;
		};
/* End PBXShellScriptBuildPhase section */

/* Begin PBXSourcesBuildPhase section */
		3F15BB651BE8FA0B00E03314 /* Sources */ = {
			isa = PBXSourcesBuildPhase;
			buildActionMask = 2147483647;
			files = (
				3FFAC5D41BE90DA1001BD611 /* TabBarController.swift in Sources */,
				3FEA64AA1BF0056C00D32263 /* TwitterClient.swift in Sources */,
				3F17DBE31BEBB5E100F055B7 /* MapTasks.swift in Sources */,
				3F15BB6F1BE8FA0C00E03314 /* HomeViewController.swift in Sources */,
				3F15BB6D1BE8FA0C00E03314 /* AppDelegate.swift in Sources */,
				3F22ECEA1BE9240B0051324A /* MapViewController.swift in Sources */,
			);
			runOnlyForDeploymentPostprocessing = 0;
		};
/* End PBXSourcesBuildPhase section */

/* Begin PBXVariantGroup section */
		3F15BB701BE8FA0C00E03314 /* Main.storyboard */ = {
			isa = PBXVariantGroup;
			children = (
				3F15BB711BE8FA0C00E03314 /* Base */,
			);
			name = Main.storyboard;
			sourceTree = "<group>";
		};
		3F15BB751BE8FA0C00E03314 /* LaunchScreen.storyboard */ = {
			isa = PBXVariantGroup;
			children = (
				3F15BB761BE8FA0C00E03314 /* Base */,
			);
			name = LaunchScreen.storyboard;
			sourceTree = "<group>";
		};
/* End PBXVariantGroup section */

/* Begin XCBuildConfiguration section */
		3F15BB791BE8FA0C00E03314 /* Debug */ = {
			isa = XCBuildConfiguration;
			buildSettings = {
				ALWAYS_SEARCH_USER_PATHS = NO;
				CLANG_CXX_LANGUAGE_STANDARD = "gnu++0x";
				CLANG_CXX_LIBRARY = "libc++";
				CLANG_ENABLE_MODULES = YES;
				CLANG_ENABLE_OBJC_ARC = YES;
				CLANG_WARN_BOOL_CONVERSION = YES;
				CLANG_WARN_CONSTANT_CONVERSION = YES;
				CLANG_WARN_DIRECT_OBJC_ISA_USAGE = YES_ERROR;
				CLANG_WARN_EMPTY_BODY = YES;
				CLANG_WARN_ENUM_CONVERSION = YES;
				CLANG_WARN_INT_CONVERSION = YES;
				CLANG_WARN_OBJC_ROOT_CLASS = YES_ERROR;
				CLANG_WARN_UNREACHABLE_CODE = YES;
				CLANG_WARN__DUPLICATE_METHOD_MATCH = YES;
				"CODE_SIGN_IDENTITY[sdk=iphoneos*]" = "iPhone Developer";
				COPY_PHASE_STRIP = NO;
				DEBUG_INFORMATION_FORMAT = dwarf;
				ENABLE_STRICT_OBJC_MSGSEND = YES;
				ENABLE_TESTABILITY = YES;
				GCC_C_LANGUAGE_STANDARD = gnu99;
				GCC_DYNAMIC_NO_PIC = NO;
				GCC_NO_COMMON_BLOCKS = YES;
				GCC_OPTIMIZATION_LEVEL = 0;
				GCC_PREPROCESSOR_DEFINITIONS = (
					"DEBUG=1",
					"$(inherited)",
				);
				GCC_WARN_64_TO_32_BIT_CONVERSION = YES;
				GCC_WARN_ABOUT_RETURN_TYPE = YES_ERROR;
				GCC_WARN_UNDECLARED_SELECTOR = YES;
				GCC_WARN_UNINITIALIZED_AUTOS = YES_AGGRESSIVE;
				GCC_WARN_UNUSED_FUNCTION = YES;
				GCC_WARN_UNUSED_VARIABLE = YES;
				IPHONEOS_DEPLOYMENT_TARGET = 9.1;
				MTL_ENABLE_DEBUG_INFO = YES;
				ONLY_ACTIVE_ARCH = YES;
				SDKROOT = iphoneos;
				SWIFT_OPTIMIZATION_LEVEL = "-Onone";
			};
			name = Debug;
		};
		3F15BB7A1BE8FA0C00E03314 /* Release */ = {
			isa = XCBuildConfiguration;
			buildSettings = {
				ALWAYS_SEARCH_USER_PATHS = NO;
				CLANG_CXX_LANGUAGE_STANDARD = "gnu++0x";
				CLANG_CXX_LIBRARY = "libc++";
				CLANG_ENABLE_MODULES = YES;
				CLANG_ENABLE_OBJC_ARC = YES;
				CLANG_WARN_BOOL_CONVERSION = YES;
				CLANG_WARN_CONSTANT_CONVERSION = YES;
				CLANG_WARN_DIRECT_OBJC_ISA_USAGE = YES_ERROR;
				CLANG_WARN_EMPTY_BODY = YES;
				CLANG_WARN_ENUM_CONVERSION = YES;
				CLANG_WARN_INT_CONVERSION = YES;
				CLANG_WARN_OBJC_ROOT_CLASS = YES_ERROR;
				CLANG_WARN_UNREACHABLE_CODE = YES;
				CLANG_WARN__DUPLICATE_METHOD_MATCH = YES;
				"CODE_SIGN_IDENTITY[sdk=iphoneos*]" = "iPhone Developer";
				COPY_PHASE_STRIP = NO;
				DEBUG_INFORMATION_FORMAT = "dwarf-with-dsym";
				ENABLE_NS_ASSERTIONS = NO;
				ENABLE_STRICT_OBJC_MSGSEND = YES;
				GCC_C_LANGUAGE_STANDARD = gnu99;
				GCC_NO_COMMON_BLOCKS = YES;
				GCC_WARN_64_TO_32_BIT_CONVERSION = YES;
				GCC_WARN_ABOUT_RETURN_TYPE = YES_ERROR;
				GCC_WARN_UNDECLARED_SELECTOR = YES;
				GCC_WARN_UNINITIALIZED_AUTOS = YES_AGGRESSIVE;
				GCC_WARN_UNUSED_FUNCTION = YES;
				GCC_WARN_UNUSED_VARIABLE = YES;
				IPHONEOS_DEPLOYMENT_TARGET = 9.1;
				MTL_ENABLE_DEBUG_INFO = NO;
				SDKROOT = iphoneos;
				VALIDATE_PRODUCT = YES;
			};
			name = Release;
		};
		3F15BB7C1BE8FA0C00E03314 /* Debug */ = {
			isa = XCBuildConfiguration;
			baseConfigurationReference = 8537B359299B6028CE1F09E0 /* Pods.debug.xcconfig */;
			buildSettings = {
				ASSETCATALOG_COMPILER_APPICON_NAME = AppIcon;
				CLANG_ENABLE_MODULES = YES;
				INFOPLIST_FILE = Walksploration/Info.plist;
				LD_RUNPATH_SEARCH_PATHS = "$(inherited) @executable_path/Frameworks";
				New_Setting = "";
				PRODUCT_BUNDLE_IDENTIFIER = net.charlesfindlay.Walksploration;
				PRODUCT_NAME = "$(TARGET_NAME)";
				SWIFT_OBJC_BRIDGING_HEADER = "Walksploration/Walksploration-Bridging-Header.h";
				SWIFT_OPTIMIZATION_LEVEL = "-Onone";
			};
			name = Debug;
		};
		3F15BB7D1BE8FA0C00E03314 /* Release */ = {
			isa = XCBuildConfiguration;
			baseConfigurationReference = E44DF11D86EC652228AFDD74 /* Pods.release.xcconfig */;
			buildSettings = {
				ASSETCATALOG_COMPILER_APPICON_NAME = AppIcon;
				CLANG_ENABLE_MODULES = YES;
				INFOPLIST_FILE = Walksploration/Info.plist;
				LD_RUNPATH_SEARCH_PATHS = "$(inherited) @executable_path/Frameworks";
				New_Setting = "";
				PRODUCT_BUNDLE_IDENTIFIER = net.charlesfindlay.Walksploration;
				PRODUCT_NAME = "$(TARGET_NAME)";
				SWIFT_OBJC_BRIDGING_HEADER = "Walksploration/Walksploration-Bridging-Header.h";
			};
			name = Release;
		};
/* End XCBuildConfiguration section */

/* Begin XCConfigurationList section */
		3F15BB641BE8FA0B00E03314 /* Build configuration list for PBXProject "Walksploration" */ = {
			isa = XCConfigurationList;
			buildConfigurations = (
				3F15BB791BE8FA0C00E03314 /* Debug */,
				3F15BB7A1BE8FA0C00E03314 /* Release */,
			);
			defaultConfigurationIsVisible = 0;
			defaultConfigurationName = Release;
		};
		3F15BB7B1BE8FA0C00E03314 /* Build configuration list for PBXNativeTarget "Walksploration" */ = {
			isa = XCConfigurationList;
			buildConfigurations = (
				3F15BB7C1BE8FA0C00E03314 /* Debug */,
				3F15BB7D1BE8FA0C00E03314 /* Release */,
			);
			defaultConfigurationIsVisible = 0;
			defaultConfigurationName = Release;
		};
/* End XCConfigurationList section */
	};
	rootObject = 3F15BB611BE8FA0B00E03314 /* Project object */;
}
